
Microsoft Visual Studio Solution File, Format Version 12.00
# Visual Studio Version 17
VisualStudioVersion = 17.5.33424.131
MinimumVisualStudioVersion = 10.0.40219.1
Project("{2150E333-8FDC-42A3-9474-1A3956D46DE8}") = "Business Logic Layer", "Business Logic Layer", "{53648BD6-694E-4C76-A61D-EFA77E6DF787}"
EndProject
Project("{9A19103F-16F7-4668-BE54-9A1E7A4F7556}") = "ApplicationBLL", "ApplicationBLL\ApplicationBLL.csproj", "{0860ABB1-B6B0-426B-A095-FADC3DC714B0}"
EndProject
Project("{2150E333-8FDC-42A3-9474-1A3956D46DE8}") = "Core", "Core", "{562BCC54-64CE-49BE-8A49-C8D54FC1D5F1}"
EndProject
Project("{9A19103F-16F7-4668-BE54-9A1E7A4F7556}") = "ProjectCore", "ProjectCore\ProjectCore.csproj", "{46C247CE-0302-473B-AB91-362A48E82DA5}"
EndProject
Project("{2150E333-8FDC-42A3-9474-1A3956D46DE8}") = "Presentation", "Presentation", "{05D797AA-6C3C-4BA9-A8E7-9D30AD748158}"
EndProject
Project("{9A19103F-16F7-4668-BE54-9A1E7A4F7556}") = "Application", "Application\Application.csproj", "{3297F88C-E607-45AB-8F92-170B9288E448}"
EndProject
Global
	GlobalSection(SolutionConfigurationPlatforms) = preSolution
		Debug|Any CPU = Debug|Any CPU
		Release|Any CPU = Release|Any CPU
	EndGlobalSection
	GlobalSection(ProjectConfigurationPlatforms) = postSolution
		{0860ABB1-B6B0-426B-A095-FADC3DC714B0}.Debug|Any CPU.ActiveCfg = Debug|Any CPU
		{0860ABB1-B6B0-426B-A095-FADC3DC714B0}.Debug|Any CPU.Build.0 = Debug|Any CPU
		{0860ABB1-B6B0-426B-A095-FADC3DC714B0}.Release|Any CPU.ActiveCfg = Release|Any CPU
		{0860ABB1-B6B0-426B-A095-FADC3DC714B0}.Release|Any CPU.Build.0 = Release|Any CPU
		{46C247CE-0302-473B-AB91-362A48E82DA5}.Debug|Any CPU.ActiveCfg = Debug|Any CPU
		{46C247CE-0302-473B-AB91-362A48E82DA5}.Debug|Any CPU.Build.0 = Debug|Any CPU
		{46C247CE-0302-473B-AB91-362A48E82DA5}.Release|Any CPU.ActiveCfg = Release|Any CPU
		{46C247CE-0302-473B-AB91-362A48E82DA5}.Release|Any CPU.Build.0 = Release|Any CPU
		{3297F88C-E607-45AB-8F92-170B9288E448}.Debug|Any CPU.ActiveCfg = Debug|Any CPU
		{3297F88C-E607-45AB-8F92-170B9288E448}.Debug|Any CPU.Build.0 = Debug|Any CPU
		{3297F88C-E607-45AB-8F92-170B9288E448}.Release|Any CPU.ActiveCfg = Release|Any CPU
		{3297F88C-E607-45AB-8F92-170B9288E448}.Release|Any CPU.Build.0 = Release|Any CPU
	EndGlobalSection
	GlobalSection(SolutionProperties) = preSolution
		HideSolutionNode = FALSE
	EndGlobalSection
	GlobalSection(NestedProjects) = preSolution
		{0860ABB1-B6B0-426B-A095-FADC3DC714B0} = {53648BD6-694E-4C76-A61D-EFA77E6DF787}
		{46C247CE-0302-473B-AB91-362A48E82DA5} = {562BCC54-64CE-49BE-8A49-C8D54FC1D5F1}
		{3297F88C-E607-45AB-8F92-170B9288E448} = {05D797AA-6C3C-4BA9-A8E7-9D30AD748158}
	EndGlobalSection
	GlobalSection(ExtensibilityGlobals) = postSolution
		SolutionGuid = {941A2F04-81E6-4994-9305-26F612482D8C}
	EndGlobalSection
EndGlobal
